PODS:
  - Flutter (1.0.0)
  - flutter_vpn (0.1.0):
    - Flutter

DEPENDENCIES:
  - Flutter (from `Flutter`)
  - flutter_vpn (from `.symlinks/plugins/flutter_vpn/ios`)

EXTERNAL SOURCES:
  Flutter:
    :path: Flutter
  flutter_vpn:
    :path: ".symlinks/plugins/flutter_vpn/ios"

SPEC CHECKSUMS:
  Flutter: 0e3d915762c693b495b44d77113d4970485de6ec
  flutter_vpn: 3c94527221c5666370b3ab10276aa248ff453f5e

PODFILE CHECKSUM: fe0e1ee7f3d1f7d00b11b474b62dd62134535aea

COCOAPODS: 1.10.0
